
Microsoft Visual Studio Solution File, Format Version 9.00
# Visual Studio 2005
Project("{E24C65DC-7377-472B-9ABA-BC803B73C61A}") = "C:\...\PayrollSystem\", ".", "{61CCA41C-99D8-48C5-8BE8-2E18AF454522}"
	ProjectSection(WebsiteProperties) = preProject
		Debug.AspNetCompiler.VirtualPath = "/PayrollSystem"
		Debug.AspNetCompiler.PhysicalPath = "..\..\..\School\CIS_407\PayrollSystem\"
		Debug.AspNetCompiler.TargetPath = "PrecompiledWeb\PayrollSystem\"
		Debug.AspNetCompiler.Updateable = "true"
		Debug.AspNetCompiler.ForceOverwrite = "true"
		Debug.AspNetCompiler.FixedNames = "false"
		Debug.AspNetCompiler.Debug = "True"
		Release.AspNetCompiler.VirtualPath = "/PayrollSystem"
		Release.AspNetCompiler.PhysicalPath = "..\..\..\School\CIS_407\PayrollSystem\"
		Release.AspNetCompiler.TargetPath = "PrecompiledWeb\PayrollSystem\"
		Release.AspNetCompiler.Updateable = "true"
		Release.AspNetCompiler.ForceOverwrite = "true"
		Release.AspNetCompiler.FixedNames = "false"
		Release.AspNetCompiler.Debug = "False"
		VWDPort = "1823"
	EndProjectSection
EndProject
Global
	GlobalSection(SolutionConfigurationPlatforms) = preSolution
		Debug|.NET = Debug|.NET
	EndGlobalSection
	GlobalSection(ProjectConfigurationPlatforms) = postSolution
		{61CCA41C-99D8-48C5-8BE8-2E18AF454522}.Debug|.NET.ActiveCfg = Debug|.NET
		{61CCA41C-99D8-48C5-8BE8-2E18AF454522}.Debug|.NET.Build.0 = Debug|.NET
	EndGlobalSection
	GlobalSection(SolutionProperties) = preSolution
		HideSolutionNode = FALSE
	EndGlobalSection
EndGlobal
